
Microsoft Visual Studio Solution File, Format Version 12.00
# Visual Studio 14
VisualStudioVersion = 14.0.25420.1
MinimumVisualStudioVersion = 10.0.40219.1
Project("{FAE04EC0-301F-11D3-BF4B-00C04F79EFBC}") = "ASASA Fixed Asset Management", "ASASA Fixed Asset Management\ASASA Fixed Asset Management.csproj", "{6EA2FCCC-5E16-418E-9238-399B8D9EB991}"
EndProject
Project("{2150E333-8FDC-42A3-9474-1A3956D46DE8}") = "Presentation", "Presentation", "{E7FD7DB6-FCFA-4FA8-A729-D9567BB838B8}"
EndProject
Project("{2150E333-8FDC-42A3-9474-1A3956D46DE8}") = "Adapter", "Adapter", "{E526F362-9E79-48C1-A94A-560DE8D534D7}"
EndProject
Project("{2150E333-8FDC-42A3-9474-1A3956D46DE8}") = "Data", "Data", "{6CE717E2-0CC2-4231-98AB-590809DE1154}"
EndProject
Project("{2150E333-8FDC-42A3-9474-1A3956D46DE8}") = "Infrastructure", "Infrastructure", "{40B88F84-B578-4644-B719-C160374E654F}"
EndProject
Project("{2150E333-8FDC-42A3-9474-1A3956D46DE8}") = "Shared_Model", "Shared_Model", "{1B907A32-AA69-454F-A6E3-509692517658}"
EndProject
Project("{2150E333-8FDC-42A3-9474-1A3956D46DE8}") = "Service", "Service", "{42D347B9-D98A-498C-8964-0468FA439AD6}"
EndProject
Global
	GlobalSection(SolutionConfigurationPlatforms) = preSolution
		Debug|Any CPU = Debug|Any CPU
		Release|Any CPU = Release|Any CPU
	EndGlobalSection
	GlobalSection(ProjectConfigurationPlatforms) = postSolution
		{6EA2FCCC-5E16-418E-9238-399B8D9EB991}.Debug|Any CPU.ActiveCfg = Debug|Any CPU
		{6EA2FCCC-5E16-418E-9238-399B8D9EB991}.Debug|Any CPU.Build.0 = Debug|Any CPU
		{6EA2FCCC-5E16-418E-9238-399B8D9EB991}.Release|Any CPU.ActiveCfg = Release|Any CPU
		{6EA2FCCC-5E16-418E-9238-399B8D9EB991}.Release|Any CPU.Build.0 = Release|Any CPU
	EndGlobalSection
	GlobalSection(SolutionProperties) = preSolution
		HideSolutionNode = FALSE
	EndGlobalSection
	GlobalSection(NestedProjects) = preSolution
		{6EA2FCCC-5E16-418E-9238-399B8D9EB991} = {E7FD7DB6-FCFA-4FA8-A729-D9567BB838B8}
	EndGlobalSection
EndGlobal
